
Microsoft Visual Studio Solution File, Format Version 12.00
# Visual Studio Version 17
VisualStudioVersion = 17.8.34330.188
MinimumVisualStudioVersion = 10.0.40219.1
Project("{9A19103F-16F7-4668-BE54-9A1E7A4F7556}") = "MYP_MassageSalon.DAL", "MYP-MassageSalon.DAL\MYP_MassageSalon.DAL.csproj", "{31E97ABF-0769-49C4-8E86-EE57BC1F6C69}"
EndProject
Project("{9A19103F-16F7-4668-BE54-9A1E7A4F7556}") = "MYP_MassageSalon.BLL", "MYP_MassageSalon.BLL\MYP_MassageSalon.BLL.csproj", "{C60A88DB-9660-445C-B8AC-42DBF2CBB555}"
EndProject
Project("{9A19103F-16F7-4668-BE54-9A1E7A4F7556}") = "MYP_MassageSalon.TG", "MYP_MassageSalon.TG\MYP_MassageSalon.TG.csproj", "{F566CDF3-6292-4061-AE28-BD901F22A56F}"
EndProject
Project("{FAE04EC0-301F-11D3-BF4B-00C04F79EFBC}") = "please-test", "please-test\please-test.csproj", "{ED78958D-9398-43F4-A9A8-D562D35C3979}"
EndProject
Global
	GlobalSection(SolutionConfigurationPlatforms) = preSolution
		Debug|Any CPU = Debug|Any CPU
		Release|Any CPU = Release|Any CPU
	EndGlobalSection
	GlobalSection(ProjectConfigurationPlatforms) = postSolution
		{31E97ABF-0769-49C4-8E86-EE57BC1F6C69}.Debug|Any CPU.ActiveCfg = Debug|Any CPU
		{31E97ABF-0769-49C4-8E86-EE57BC1F6C69}.Debug|Any CPU.Build.0 = Debug|Any CPU
		{31E97ABF-0769-49C4-8E86-EE57BC1F6C69}.Release|Any CPU.ActiveCfg = Release|Any CPU
		{31E97ABF-0769-49C4-8E86-EE57BC1F6C69}.Release|Any CPU.Build.0 = Release|Any CPU
		{C60A88DB-9660-445C-B8AC-42DBF2CBB555}.Debug|Any CPU.ActiveCfg = Debug|Any CPU
		{C60A88DB-9660-445C-B8AC-42DBF2CBB555}.Debug|Any CPU.Build.0 = Debug|Any CPU
		{C60A88DB-9660-445C-B8AC-42DBF2CBB555}.Release|Any CPU.ActiveCfg = Release|Any CPU
		{C60A88DB-9660-445C-B8AC-42DBF2CBB555}.Release|Any CPU.Build.0 = Release|Any CPU
		{F566CDF3-6292-4061-AE28-BD901F22A56F}.Debug|Any CPU.ActiveCfg = Debug|Any CPU
		{F566CDF3-6292-4061-AE28-BD901F22A56F}.Debug|Any CPU.Build.0 = Debug|Any CPU
		{F566CDF3-6292-4061-AE28-BD901F22A56F}.Release|Any CPU.ActiveCfg = Release|Any CPU
		{F566CDF3-6292-4061-AE28-BD901F22A56F}.Release|Any CPU.Build.0 = Release|Any CPU
		{ED78958D-9398-43F4-A9A8-D562D35C3979}.Debug|Any CPU.ActiveCfg = Debug|Any CPU
		{ED78958D-9398-43F4-A9A8-D562D35C3979}.Debug|Any CPU.Build.0 = Debug|Any CPU
		{ED78958D-9398-43F4-A9A8-D562D35C3979}.Release|Any CPU.ActiveCfg = Release|Any CPU
		{ED78958D-9398-43F4-A9A8-D562D35C3979}.Release|Any CPU.Build.0 = Release|Any CPU
	EndGlobalSection
	GlobalSection(SolutionProperties) = preSolution
		HideSolutionNode = FALSE
	EndGlobalSection
	GlobalSection(ExtensibilityGlobals) = postSolution
		SolutionGuid = {B51D5799-DA81-4F59-8901-9D969A25F83A}
	EndGlobalSection
EndGlobal
