
Microsoft Visual Studio Solution File, Format Version 12.00
# Visual Studio Version 17
VisualStudioVersion = 17.8.34330.188
MinimumVisualStudioVersion = 10.0.40219.1
Project("{9A19103F-16F7-4668-BE54-9A1E7A4F7556}") = "MYP_MassageSalon.DAL", "MYP-MassageSalon.DAL\MYP_MassageSalon.DAL.csproj", "{31E97ABF-0769-49C4-8E86-EE57BC1F6C69}"
EndProject
Project("{9A19103F-16F7-4668-BE54-9A1E7A4F7556}") = "test", "test\test.csproj", "{02F4EFEC-FB2B-4C9A-8E92-580DE85284BD}"
EndProject
Project("{9A19103F-16F7-4668-BE54-9A1E7A4F7556}") = "ConsoleApp1", "ConsoleApp1\ConsoleApp1.csproj", "{303A77F0-76A8-428C-95C3-092FD207B882}"
EndProject
Project("{9A19103F-16F7-4668-BE54-9A1E7A4F7556}") = "MYP_MassageSalon.BLL", "MYP_MassageSalon.BLL\MYP_MassageSalon.BLL.csproj", "{C60A88DB-9660-445C-B8AC-42DBF2CBB555}"
EndProject
Project("{9A19103F-16F7-4668-BE54-9A1E7A4F7556}") = "ConsoleApp2", "ConsoleApp2\ConsoleApp2.csproj", "{0B6705F4-9A24-4884-A22B-845D46A43600}"
EndProject
Global
	GlobalSection(SolutionConfigurationPlatforms) = preSolution
		Debug|Any CPU = Debug|Any CPU
		Release|Any CPU = Release|Any CPU
	EndGlobalSection
	GlobalSection(ProjectConfigurationPlatforms) = postSolution
		{31E97ABF-0769-49C4-8E86-EE57BC1F6C69}.Debug|Any CPU.ActiveCfg = Debug|Any CPU
		{31E97ABF-0769-49C4-8E86-EE57BC1F6C69}.Debug|Any CPU.Build.0 = Debug|Any CPU
		{31E97ABF-0769-49C4-8E86-EE57BC1F6C69}.Release|Any CPU.ActiveCfg = Release|Any CPU
		{31E97ABF-0769-49C4-8E86-EE57BC1F6C69}.Release|Any CPU.Build.0 = Release|Any CPU
		{02F4EFEC-FB2B-4C9A-8E92-580DE85284BD}.Debug|Any CPU.ActiveCfg = Debug|Any CPU
		{02F4EFEC-FB2B-4C9A-8E92-580DE85284BD}.Debug|Any CPU.Build.0 = Debug|Any CPU
		{02F4EFEC-FB2B-4C9A-8E92-580DE85284BD}.Release|Any CPU.ActiveCfg = Release|Any CPU
		{02F4EFEC-FB2B-4C9A-8E92-580DE85284BD}.Release|Any CPU.Build.0 = Release|Any CPU
		{303A77F0-76A8-428C-95C3-092FD207B882}.Debug|Any CPU.ActiveCfg = Debug|Any CPU
		{303A77F0-76A8-428C-95C3-092FD207B882}.Debug|Any CPU.Build.0 = Debug|Any CPU
		{303A77F0-76A8-428C-95C3-092FD207B882}.Release|Any CPU.ActiveCfg = Release|Any CPU
		{303A77F0-76A8-428C-95C3-092FD207B882}.Release|Any CPU.Build.0 = Release|Any CPU
		{C60A88DB-9660-445C-B8AC-42DBF2CBB555}.Debug|Any CPU.ActiveCfg = Debug|Any CPU
		{C60A88DB-9660-445C-B8AC-42DBF2CBB555}.Debug|Any CPU.Build.0 = Debug|Any CPU
		{C60A88DB-9660-445C-B8AC-42DBF2CBB555}.Release|Any CPU.ActiveCfg = Release|Any CPU
		{C60A88DB-9660-445C-B8AC-42DBF2CBB555}.Release|Any CPU.Build.0 = Release|Any CPU
		{0B6705F4-9A24-4884-A22B-845D46A43600}.Debug|Any CPU.ActiveCfg = Debug|Any CPU
		{0B6705F4-9A24-4884-A22B-845D46A43600}.Debug|Any CPU.Build.0 = Debug|Any CPU
		{0B6705F4-9A24-4884-A22B-845D46A43600}.Release|Any CPU.ActiveCfg = Release|Any CPU
		{0B6705F4-9A24-4884-A22B-845D46A43600}.Release|Any CPU.Build.0 = Release|Any CPU
	EndGlobalSection
	GlobalSection(SolutionProperties) = preSolution
		HideSolutionNode = FALSE
	EndGlobalSection
	GlobalSection(ExtensibilityGlobals) = postSolution
		SolutionGuid = {B51D5799-DA81-4F59-8901-9D969A25F83A}
	EndGlobalSection
EndGlobal
